// !$*UTF8*$!
{
	archiveVersion = 1;
	classes = {
	};
	objectVersion = 46;
	objects = {

/* Begin PBXBuildFile section */
		83E408FF1509EE0100F9222C /* UIKit.framework in Frameworks */ = {isa = PBXBuildFile; fileRef = 83E408FE1509EE0100F9222C /* UIKit.framework */; };
		83E409011509EE0100F9222C /* Foundation.framework in Frameworks */ = {isa = PBXBuildFile; fileRef = 83E409001509EE0100F9222C /* Foundation.framework */; };
		83E409031509EE0100F9222C /* CoreGraphics.framework in Frameworks */ = {isa = PBXBuildFile; fileRef = 83E409021509EE0100F9222C /* CoreGraphics.framework */; };
		83E409091509EE0100F9222C /* InfoPlist.strings in Resources */ = {isa = PBXBuildFile; fileRef = 83E409071509EE0100F9222C /* InfoPlist.strings */; };
		83E4090B1509EE0100F9222C /* main.m in Sources */ = {isa = PBXBuildFile; fileRef = 83E4090A1509EE0100F9222C /* main.m */; };
		83E4090F1509EE0200F9222C /* SandsAppDelegate.m in Sources */ = {isa = PBXBuildFile; fileRef = 83E4090E1509EE0200F9222C /* SandsAppDelegate.m */; };
		83E409121509EE0300F9222C /* MainStoryboard.storyboard in Resources */ = {isa = PBXBuildFile; fileRef = 83E409101509EE0300F9222C /* MainStoryboard.storyboard */; };
		83E4091D1509EE0600F9222C /* SenTestingKit.framework in Frameworks */ = {isa = PBXBuildFile; fileRef = 83E4091C1509EE0600F9222C /* SenTestingKit.framework */; };
		83E4091E1509EE0600F9222C /* UIKit.framework in Frameworks */ = {isa = PBXBuildFile; fileRef = 83E408FE1509EE0100F9222C /* UIKit.framework */; };
		83E4091F1509EE0600F9222C /* Foundation.framework in Frameworks */ = {isa = PBXBuildFile; fileRef = 83E409001509EE0100F9222C /* Foundation.framework */; };
		83E409271509EE0600F9222C /* InfoPlist.strings in Resources */ = {isa = PBXBuildFile; fileRef = 83E409251509EE0600F9222C /* InfoPlist.strings */; };
		83E4092A1509EE0600F9222C /* SafeSandsTests.m in Sources */ = {isa = PBXBuildFile; fileRef = 83E409291509EE0600F9222C /* SafeSandsTests.m */; };
		83E409351509EF2D00F9222C /* LocationSelectorViewController.m in Sources */ = {isa = PBXBuildFile; fileRef = 83E409341509EF2D00F9222C /* LocationSelectorViewController.m */; };
		83E409361509EF2D00F9222C /* LocationSelectorViewController.m in Sources */ = {isa = PBXBuildFile; fileRef = 83E409341509EF2D00F9222C /* LocationSelectorViewController.m */; };
		83E409391509F1DD00F9222C /* MainViewController.m in Sources */ = {isa = PBXBuildFile; fileRef = 83E409381509F1DD00F9222C /* MainViewController.m */; };
		83E4093A1509F1DD00F9222C /* MainViewController.m in Sources */ = {isa = PBXBuildFile; fileRef = 83E409381509F1DD00F9222C /* MainViewController.m */; };
/* End PBXBuildFile section */

/* Begin PBXContainerItemProxy section */
		83E409201509EE0600F9222C /* PBXContainerItemProxy */ = {
			isa = PBXContainerItemProxy;
			containerPortal = 83E408F11509EDEB00F9222C /* Project object */;
			proxyType = 1;
			remoteGlobalIDString = 83E408F91509EDFE00F9222C;
			remoteInfo = SafeSands;
		};
/* End PBXContainerItemProxy section */

/* Begin PBXFileReference section */
		83E408FA1509EDFF00F9222C /* SafeSands.app */ = {isa = PBXFileReference; explicitFileType = wrapper.application; includeInIndex = 0; path = SafeSands.app; sourceTree = BUILT_PRODUCTS_DIR; };
		83E408FE1509EE0100F9222C /* UIKit.framework */ = {isa = PBXFileReference; lastKnownFileType = wrapper.framework; name = UIKit.framework; path = System/Library/Frameworks/UIKit.framework; sourceTree = SDKROOT; };
		83E409001509EE0100F9222C /* Foundation.framework */ = {isa = PBXFileReference; lastKnownFileType = wrapper.framework; name = Foundation.framework; path = System/Library/Frameworks/Foundation.framework; sourceTree = SDKROOT; };
		83E409021509EE0100F9222C /* CoreGraphics.framework */ = {isa = PBXFileReference; lastKnownFileType = wrapper.framework; name = CoreGraphics.framework; path = System/Library/Frameworks/CoreGraphics.framework; sourceTree = SDKROOT; };
		83E409061509EE0100F9222C /* SafeSands-Info.plist */ = {isa = PBXFileReference; lastKnownFileType = text.plist.xml; path = "SafeSands-Info.plist"; sourceTree = "<group>"; };
		83E409081509EE0100F9222C /* en */ = {isa = PBXFileReference; lastKnownFileType = text.plist.strings; name = en; path = en.lproj/InfoPlist.strings; sourceTree = "<group>"; };
		83E4090A1509EE0100F9222C /* main.m */ = {isa = PBXFileReference; lastKnownFileType = sourcecode.c.objc; path = main.m; sourceTree = "<group>"; };
		83E4090C1509EE0100F9222C /* SafeSands-Prefix.pch */ = {isa = PBXFileReference; lastKnownFileType = sourcecode.c.h; path = "SafeSands-Prefix.pch"; sourceTree = "<group>"; };
		83E4090D1509EE0200F9222C /* SandsAppDelegate.h */ = {isa = PBXFileReference; lastKnownFileType = sourcecode.c.h; path = SandsAppDelegate.h; sourceTree = "<group>"; };
		83E4090E1509EE0200F9222C /* SandsAppDelegate.m */ = {isa = PBXFileReference; lastKnownFileType = sourcecode.c.objc; path = SandsAppDelegate.m; sourceTree = "<group>"; };
		83E409111509EE0300F9222C /* en */ = {isa = PBXFileReference; lastKnownFileType = file.storyboard; name = en; path = en.lproj/MainStoryboard.storyboard; sourceTree = "<group>"; };
		83E4091B1509EE0600F9222C /* SafeSandsTests.octest */ = {isa = PBXFileReference; explicitFileType = wrapper.cfbundle; includeInIndex = 0; path = SafeSandsTests.octest; sourceTree = BUILT_PRODUCTS_DIR; };
		83E4091C1509EE0600F9222C /* SenTestingKit.framework */ = {isa = PBXFileReference; lastKnownFileType = wrapper.framework; name = SenTestingKit.framework; path = Library/Frameworks/SenTestingKit.framework; sourceTree = DEVELOPER_DIR; };
		83E409241509EE0600F9222C /* SafeSandsTests-Info.plist */ = {isa = PBXFileReference; lastKnownFileType = text.plist.xml; path = "SafeSandsTests-Info.plist"; sourceTree = "<group>"; };
		83E409261509EE0600F9222C /* en */ = {isa = PBXFileReference; lastKnownFileType = text.plist.strings; name = en; path = en.lproj/InfoPlist.strings; sourceTree = "<group>"; };
		83E409281509EE0600F9222C /* SafeSandsTests.h */ = {isa = PBXFileReference; lastKnownFileType = sourcecode.c.h; path = SafeSandsTests.h; sourceTree = "<group>"; };
		83E409291509EE0600F9222C /* SafeSandsTests.m */ = {isa = PBXFileReference; lastKnownFileType = sourcecode.c.objc; path = SafeSandsTests.m; sourceTree = "<group>"; };
		83E409331509EF2D00F9222C /* LocationSelectorViewController.h */ = {isa = PBXFileReference; fileEncoding = 4; lastKnownFileType = sourcecode.c.h; path = LocationSelectorViewController.h; sourceTree = "<group>"; };
		83E409341509EF2D00F9222C /* LocationSelectorViewController.m */ = {isa = PBXFileReference; fileEncoding = 4; lastKnownFileType = sourcecode.c.objc; path = LocationSelectorViewController.m; sourceTree = "<group>"; };
		83E409371509F1DD00F9222C /* MainViewController.h */ = {isa = PBXFileReference; fileEncoding = 4; lastKnownFileType = sourcecode.c.h; path = MainViewController.h; sourceTree = "<group>"; };
		83E409381509F1DD00F9222C /* MainViewController.m */ = {isa = PBXFileReference; fileEncoding = 4; lastKnownFileType = sourcecode.c.objc; path = MainViewController.m; sourceTree = "<group>"; };
/* End PBXFileReference section */

/* Begin PBXFrameworksBuildPhase section */
		83E408F71509EDFE00F9222C /* Frameworks */ = {
			isa = PBXFrameworksBuildPhase;
			buildActionMask = 2147483647;
			files = (
				83E408FF1509EE0100F9222C /* UIKit.framework in Frameworks */,
				83E409011509EE0100F9222C /* Foundation.framework in Frameworks */,
				83E409031509EE0100F9222C /* CoreGraphics.framework in Frameworks */,
			);
			runOnlyForDeploymentPostprocessing = 0;
		};
		83E409171509EE0600F9222C /* Frameworks */ = {
			isa = PBXFrameworksBuildPhase;
			buildActionMask = 2147483647;
			files = (
				83E4091D1509EE0600F9222C /* SenTestingKit.framework in Frameworks */,
				83E4091E1509EE0600F9222C /* UIKit.framework in Frameworks */,
				83E4091F1509EE0600F9222C /* Foundation.framework in Frameworks */,
			);
			runOnlyForDeploymentPostprocessing = 0;
		};
/* End PBXFrameworksBuildPhase section */

/* Begin PBXGroup section */
		83E408EF1509EDEA00F9222C = {
			isa = PBXGroup;
			children = (
				83E409041509EE0100F9222C /* SafeSands */,
				83E409221509EE0600F9222C /* SafeSandsTests */,
				83E408FD1509EE0000F9222C /* Frameworks */,
				83E408FB1509EDFF00F9222C /* Products */,
			);
			sourceTree = "<group>";
		};
		83E408FB1509EDFF00F9222C /* Products */ = {
			isa = PBXGroup;
			children = (
				83E408FA1509EDFF00F9222C /* SafeSands.app */,
				83E4091B1509EE0600F9222C /* SafeSandsTests.octest */,
			);
			name = Products;
			sourceTree = "<group>";
		};
		83E408FD1509EE0000F9222C /* Frameworks */ = {
			isa = PBXGroup;
			children = (
				83E408FE1509EE0100F9222C /* UIKit.framework */,
				83E409001509EE0100F9222C /* Foundation.framework */,
				83E409021509EE0100F9222C /* CoreGraphics.framework */,
				83E4091C1509EE0600F9222C /* SenTestingKit.framework */,
			);
			name = Frameworks;
			sourceTree = "<group>";
		};
		83E409041509EE0100F9222C /* SafeSands */ = {
			isa = PBXGroup;
			children = (
				83E4090D1509EE0200F9222C /* SandsAppDelegate.h */,
				83E4090E1509EE0200F9222C /* SandsAppDelegate.m */,
				83E409101509EE0300F9222C /* MainStoryboard.storyboard */,
				83E409371509F1DD00F9222C /* MainViewController.h */,
				83E409381509F1DD00F9222C /* MainViewController.m */,
				83E409331509EF2D00F9222C /* LocationSelectorViewController.h */,
				83E409341509EF2D00F9222C /* LocationSelectorViewController.m */,
				83E409051509EE0100F9222C /* Supporting Files */,
			);
			path = SafeSands;
			sourceTree = "<group>";
		};
		83E409051509EE0100F9222C /* Supporting Files */ = {
			isa = PBXGroup;
			children = (
				83E409061509EE0100F9222C /* SafeSands-Info.plist */,
				83E409071509EE0100F9222C /* InfoPlist.strings */,
				83E4090A1509EE0100F9222C /* main.m */,
				83E4090C1509EE0100F9222C /* SafeSands-Prefix.pch */,
			);
			name = "Supporting Files";
			sourceTree = "<group>";
		};
		83E409221509EE0600F9222C /* SafeSandsTests */ = {
			isa = PBXGroup;
			children = (
				83E409281509EE0600F9222C /* SafeSandsTests.h */,
				83E409291509EE0600F9222C /* SafeSandsTests.m */,
				83E409231509EE0600F9222C /* Supporting Files */,
			);
			path = SafeSandsTests;
			sourceTree = "<group>";
		};
		83E409231509EE0600F9222C /* Supporting Files */ = {
			isa = PBXGroup;
			children = (
				83E409241509EE0600F9222C /* SafeSandsTests-Info.plist */,
				83E409251509EE0600F9222C /* InfoPlist.strings */,
			);
			name = "Supporting Files";
			sourceTree = "<group>";
		};
/* End PBXGroup section */

/* Begin PBXNativeTarget section */
		83E408F91509EDFE00F9222C /* SafeSands */ = {
			isa = PBXNativeTarget;
			buildConfigurationList = 83E4092D1509EE0600F9222C /* Build configuration list for PBXNativeTarget "SafeSands" */;
			buildPhases = (
				83E408F61509EDFE00F9222C /* Sources */,
				83E408F71509EDFE00F9222C /* Frameworks */,
				83E408F81509EDFE00F9222C /* Resources */,
			);
			buildRules = (
			);
			dependencies = (
			);
			name = SafeSands;
			productName = SafeSands;
			productReference = 83E408FA1509EDFF00F9222C /* SafeSands.app */;
			productType = "com.apple.product-type.application";
		};
		83E4091A1509EE0600F9222C /* SafeSandsTests */ = {
			isa = PBXNativeTarget;
			buildConfigurationList = 83E409301509EE0600F9222C /* Build configuration list for PBXNativeTarget "SafeSandsTests" */;
			buildPhases = (
				83E409161509EE0600F9222C /* Sources */,
				83E409171509EE0600F9222C /* Frameworks */,
				83E409181509EE0600F9222C /* Resources */,
				83E409191509EE0600F9222C /* ShellScript */,
			);
			buildRules = (
			);
			dependencies = (
				83E409211509EE0600F9222C /* PBXTargetDependency */,
			);
			name = SafeSandsTests;
			productName = SafeSandsTests;
			productReference = 83E4091B1509EE0600F9222C /* SafeSandsTests.octest */;
			productType = "com.apple.product-type.bundle";
		};
/* End PBXNativeTarget section */

/* Begin PBXProject section */
		83E408F11509EDEB00F9222C /* Project object */ = {
			isa = PBXProject;
			attributes = {
				LastUpgradeCheck = 0420;
				ORGANIZATIONNAME = "Loyola University Maryland";
			};
			buildConfigurationList = 83E408F41509EDEB00F9222C /* Build configuration list for PBXProject "SafeSands" */;
			compatibilityVersion = "Xcode 3.2";
			developmentRegion = English;
			hasScannedForEncodings = 0;
			knownRegions = (
				en,
			);
			mainGroup = 83E408EF1509EDEA00F9222C;
			productRefGroup = 83E408FB1509EDFF00F9222C /* Products */;
			projectDirPath = "";
			projectRoot = "";
			targets = (
				83E408F91509EDFE00F9222C /* SafeSands */,
				83E4091A1509EE0600F9222C /* SafeSandsTests */,
			);
		};
/* End PBXProject section */

/* Begin PBXResourcesBuildPhase section */
		83E408F81509EDFE00F9222C /* Resources */ = {
			isa = PBXResourcesBuildPhase;
			buildActionMask = 2147483647;
			files = (
				83E409091509EE0100F9222C /* InfoPlist.strings in Resources */,
				83E409121509EE0300F9222C /* MainStoryboard.storyboard in Resources */,
			);
			runOnlyForDeploymentPostprocessing = 0;
		};
		83E409181509EE0600F9222C /* Resources */ = {
			isa = PBXResourcesBuildPhase;
			buildActionMask = 2147483647;
			files = (
				83E409271509EE0600F9222C /* InfoPlist.strings in Resources */,
			);
			runOnlyForDeploymentPostprocessing = 0;
		};
/* End PBXResourcesBuildPhase section */

/* Begin PBXShellScriptBuildPhase section */
		83E409191509EE0600F9222C /* ShellScript */ = {
			isa = PBXShellScriptBuildPhase;
			buildActionMask = 2147483647;
			files = (
			);
			inputPaths = (
			);
			outputPaths = (
			);
			runOnlyForDeploymentPostprocessing = 0;
			shellPath = /bin/sh;
			shellScript = "# Run the unit tests in this test bundle.\n\"${SYSTEM_DEVELOPER_DIR}/Tools/RunUnitTests\"\n";
		};
/* End PBXShellScriptBuildPhase section */

/* Begin PBXSourcesBuildPhase section */
		83E408F61509EDFE00F9222C /* Sources */ = {
			isa = PBXSourcesBuildPhase;
			buildActionMask = 2147483647;
			files = (
				83E4090B1509EE0100F9222C /* main.m in Sources */,
				83E4090F1509EE0200F9222C /* SandsAppDelegate.m in Sources */,
				83E409351509EF2D00F9222C /* LocationSelectorViewController.m in Sources */,
				83E409391509F1DD00F9222C /* MainViewController.m in Sources */,
			);
			runOnlyForDeploymentPostprocessing = 0;
		};
		83E409161509EE0600F9222C /* Sources */ = {
			isa = PBXSourcesBuildPhase;
			buildActionMask = 2147483647;
			files = (
				83E4092A1509EE0600F9222C /* SafeSandsTests.m in Sources */,
				83E409361509EF2D00F9222C /* LocationSelectorViewController.m in Sources */,
				83E4093A1509F1DD00F9222C /* MainViewController.m in Sources */,
			);
			runOnlyForDeploymentPostprocessing = 0;
		};
/* End PBXSourcesBuildPhase section */

/* Begin PBXTargetDependency section */
		83E409211509EE0600F9222C /* PBXTargetDependency */ = {
			isa = PBXTargetDependency;
			target = 83E408F91509EDFE00F9222C /* SafeSands */;
			targetProxy = 83E409201509EE0600F9222C /* PBXContainerItemProxy */;
		};
/* End PBXTargetDependency section */

/* Begin PBXVariantGroup section */
		83E409071509EE0100F9222C /* InfoPlist.strings */ = {
			isa = PBXVariantGroup;
			children = (
				83E409081509EE0100F9222C /* en */,
			);
			name = InfoPlist.strings;
			sourceTree = "<group>";
		};
		83E409101509EE0300F9222C /* MainStoryboard.storyboard */ = {
			isa = PBXVariantGroup;
			children = (
				83E409111509EE0300F9222C /* en */,
			);
			name = MainStoryboard.storyboard;
			sourceTree = "<group>";
		};
		83E409251509EE0600F9222C /* InfoPlist.strings */ = {
			isa = PBXVariantGroup;
			children = (
				83E409261509EE0600F9222C /* en */,
			);
			name = InfoPlist.strings;
			sourceTree = "<group>";
		};
/* End PBXVariantGroup section */

/* Begin XCBuildConfiguration section */
		83E4092B1509EE0600F9222C /* Debug */ = {
			isa = XCBuildConfiguration;
			buildSettings = {
				ALWAYS_SEARCH_USER_PATHS = NO;
				ARCHS = "$(ARCHS_STANDARD_32_BIT)";
				CLANG_ENABLE_OBJC_ARC = YES;
				"CODE_SIGN_IDENTITY[sdk=iphoneos*]" = "iPhone Developer";
				COPY_PHASE_STRIP = NO;
				GCC_C_LANGUAGE_STANDARD = gnu99;
				GCC_DYNAMIC_NO_PIC = NO;
				GCC_OPTIMIZATION_LEVEL = 0;
				GCC_PREPROCESSOR_DEFINITIONS = (
					"DEBUG=1",
					"$(inherited)",
				);
				GCC_SYMBOLS_PRIVATE_EXTERN = NO;
				GCC_VERSION = com.apple.compilers.llvm.clang.1_0;
				GCC_WARN_ABOUT_MISSING_PROTOTYPES = YES;
				GCC_WARN_ABOUT_RETURN_TYPE = YES;
				GCC_WARN_UNUSED_VARIABLE = YES;
				IPHONEOS_DEPLOYMENT_TARGET = 5.0;
				SDKROOT = iphoneos;
			};
			name = Debug;
		};
		83E4092C1509EE0600F9222C /* Release */ = {
			isa = XCBuildConfiguration;
			buildSettings = {
				ALWAYS_SEARCH_USER_PATHS = NO;
				ARCHS = "$(ARCHS_STANDARD_32_BIT)";
				CLANG_ENABLE_OBJC_ARC = YES;
				"CODE_SIGN_IDENTITY[sdk=iphoneos*]" = "iPhone Developer";
				COPY_PHASE_STRIP = YES;
				GCC_C_LANGUAGE_STANDARD = gnu99;
				GCC_VERSION = com.apple.compilers.llvm.clang.1_0;
				GCC_WARN_ABOUT_MISSING_PROTOTYPES = YES;
				GCC_WARN_ABOUT_RETURN_TYPE = YES;
				GCC_WARN_UNUSED_VARIABLE = YES;
				IPHONEOS_DEPLOYMENT_TARGET = 5.0;
				OTHER_CFLAGS = "-DNS_BLOCK_ASSERTIONS=1";
				SDKROOT = iphoneos;
				VALIDATE_PRODUCT = YES;
			};
			name = Release;
		};
		83E4092E1509EE0600F9222C /* Debug */ = {
			isa = XCBuildConfiguration;
			buildSettings = {
				GCC_PRECOMPILE_PREFIX_HEADER = YES;
				GCC_PREFIX_HEADER = "SafeSands/SafeSands-Prefix.pch";
				INFOPLIST_FILE = "SafeSands/SafeSands-Info.plist";
				PRODUCT_NAME = "$(TARGET_NAME)";
				WRAPPER_EXTENSION = app;
			};
			name = Debug;
		};
		83E4092F1509EE0600F9222C /* Release */ = {
			isa = XCBuildConfiguration;
			buildSettings = {
				GCC_PRECOMPILE_PREFIX_HEADER = YES;
				GCC_PREFIX_HEADER = "SafeSands/SafeSands-Prefix.pch";
				INFOPLIST_FILE = "SafeSands/SafeSands-Info.plist";
				PRODUCT_NAME = "$(TARGET_NAME)";
				WRAPPER_EXTENSION = app;
			};
			name = Release;
		};
		83E409311509EE0600F9222C /* Debug */ = {
			isa = XCBuildConfiguration;
			buildSettings = {
				BUNDLE_LOADER = "$(BUILT_PRODUCTS_DIR)/SafeSands.app/SafeSands";
				FRAMEWORK_SEARCH_PATHS = (
					"$(SDKROOT)/Developer/Library/Frameworks",
					"$(DEVELOPER_LIBRARY_DIR)/Frameworks",
				);
				GCC_PRECOMPILE_PREFIX_HEADER = YES;
				GCC_PREFIX_HEADER = "SafeSands/SafeSands-Prefix.pch";
				INFOPLIST_FILE = "SafeSandsTests/SafeSandsTests-Info.plist";
				PRODUCT_NAME = "$(TARGET_NAME)";
				TEST_HOST = "$(BUNDLE_LOADER)";
				WRAPPER_EXTENSION = octest;
			};
			name = Debug;
		};
		83E409321509EE0600F9222C /* Release */ = {
			isa = XCBuildConfiguration;
			buildSettings = {
				BUNDLE_LOADER = "$(BUILT_PRODUCTS_DIR)/SafeSands.app/SafeSands";
				FRAMEWORK_SEARCH_PATHS = (
					"$(SDKROOT)/Developer/Library/Frameworks",
					"$(DEVELOPER_LIBRARY_DIR)/Frameworks",
				);
				GCC_PRECOMPILE_PREFIX_HEADER = YES;
				GCC_PREFIX_HEADER = "SafeSands/SafeSands-Prefix.pch";
				INFOPLIST_FILE = "SafeSandsTests/SafeSandsTests-Info.plist";
				PRODUCT_NAME = "$(TARGET_NAME)";
				TEST_HOST = "$(BUNDLE_LOADER)";
				WRAPPER_EXTENSION = octest;
			};
			name = Release;
		};
/* End XCBuildConfiguration section */

/* Begin XCConfigurationList section */
		83E408F41509EDEB00F9222C /* Build configuration list for PBXProject "SafeSands" */ = {
			isa = XCConfigurationList;
			buildConfigurations = (
				83E4092B1509EE0600F9222C /* Debug */,
				83E4092C1509EE0600F9222C /* Release */,
			);
			defaultConfigurationIsVisible = 0;
			defaultConfigurationName = Release;
		};
		83E4092D1509EE0600F9222C /* Build configuration list for PBXNativeTarget "SafeSands" */ = {
			isa = XCConfigurationList;
			buildConfigurations = (
				83E4092E1509EE0600F9222C /* Debug */,
				83E4092F1509EE0600F9222C /* Release */,
			);
			defaultConfigurationIsVisible = 0;
		};
		83E409301509EE0600F9222C /* Build configuration list for PBXNativeTarget "SafeSandsTests" */ = {
			isa = XCConfigurationList;
			buildConfigurations = (
				83E409311509EE0600F9222C /* Debug */,
				83E409321509EE0600F9222C /* Release */,
			);
			defaultConfigurationIsVisible = 0;
		};
/* End XCConfigurationList section */
	};
	rootObject = 83E408F11509EDEB00F9222C /* Project object */;
}
